
Microsoft Visual Studio Solution File, Format Version 12.00
# Visual Studio 15
VisualStudioVersion = 15.0.26403.0
MinimumVisualStudioVersion = 10.0.40219.1
Project("{FAE04EC0-301F-11D3-BF4B-00C04F79EFBC}") = "MSI-Keyboard-LED-Manager", "MSI-Keyboard-LED-Manager\MSI-Keyboard-LED-Manager.csproj", "{C204B6F9-5F69-4CBF-B2C9-72A48B7DE0FF}"
EndProject
Global
	GlobalSection(SolutionConfigurationPlatforms) = preSolution
		Debug|Any CPU = Debug|Any CPU
		Release|Any CPU = Release|Any CPU
	EndGlobalSection
	GlobalSection(ProjectConfigurationPlatforms) = postSolution
		{C204B6F9-5F69-4CBF-B2C9-72A48B7DE0FF}.Debug|Any CPU.ActiveCfg = Release|Any CPU
		{C204B6F9-5F69-4CBF-B2C9-72A48B7DE0FF}.Debug|Any CPU.Build.0 = Release|Any CPU
		{C204B6F9-5F69-4CBF-B2C9-72A48B7DE0FF}.Release|Any CPU.ActiveCfg = Debug|Any CPU
		{C204B6F9-5F69-4CBF-B2C9-72A48B7DE0FF}.Release|Any CPU.Build.0 = Debug|Any CPU
	EndGlobalSection
	GlobalSection(SolutionProperties) = preSolution
		HideSolutionNode = FALSE
	EndGlobalSection
EndGlobal
